{"packages":{"dartling":{"version":"0.0.8","source":"git","description":{"url":"git://github.com/dzenanr/dartling.git","ref":null,"resolved-ref":"f8a192370a728e72340f2eb2d804003e41ccdd17"}},"browser":{"version":"0.3.1+1","source":"hosted","description":"browser"},"unittest":{"version":"0.3.1+1","source":"hosted","description":"unittest"},"meta":{"version":"0.3.1+1","source":"hosted","description":"meta"}}}