# Generated by pub
# See http://pub.dartlang.org/doc/glossary.html#lockfile
packages:
  browser:
    description: browser
    source: hosted
    version: "0.5.16"
  dartling:
    description:
      ref: null
      resolved-ref: "61fe624e53805202e8b646a277f7b2bf90ca1278"
      url: "git://github.com/dzenanr/dartling.git"
    source: git
    version: "0.0.9"
  dartling_default_app:
    description:
      ref: null
      resolved-ref: d86ac228edf0a5f20dec810e1fe50097c5effe7d
      url: "git://github.com/dzenanr/dartling_default_app.git"
    source: git
    version: "0.0.3"
  meta:
    description: meta
    source: hosted
    version: "0.5.16"
  unittest:
    description: unittest
    source: hosted
    version: "0.5.16"
